
Microsoft Visual Studio Solution File, Format Version 12.00
# Visual Studio Version 17
VisualStudioVersion = 17.4.33403.182
MinimumVisualStudioVersion = 10.0.40219.1
Project("{FAE04EC0-301F-11D3-BF4B-00C04F79EFBC}") = "SpamOrHam", "SpamOrHam\SpamOrHam.csproj", "{3B25955A-AAAB-47FF-AD50-CB9EC77E8FBB}"
EndProject
Global
	GlobalSection(SolutionConfigurationPlatforms) = preSolution
		Debug|Any CPU = Debug|Any CPU
		Release|Any CPU = Release|Any CPU
	EndGlobalSection
	GlobalSection(ProjectConfigurationPlatforms) = postSolution
		{3B25955A-AAAB-47FF-AD50-CB9EC77E8FBB}.Debug|Any CPU.ActiveCfg = Debug|Any CPU
		{3B25955A-AAAB-47FF-AD50-CB9EC77E8FBB}.Debug|Any CPU.Build.0 = Debug|Any CPU
		{3B25955A-AAAB-47FF-AD50-CB9EC77E8FBB}.Release|Any CPU.ActiveCfg = Release|Any CPU
		{3B25955A-AAAB-47FF-AD50-CB9EC77E8FBB}.Release|Any CPU.Build.0 = Release|Any CPU
	EndGlobalSection
	GlobalSection(SolutionProperties) = preSolution
		HideSolutionNode = FALSE
	EndGlobalSection
	GlobalSection(ExtensibilityGlobals) = postSolution
		SolutionGuid = {4EAC54CC-ACBB-41A2-9CD9-FFFDCE117B90}
	EndGlobalSection
EndGlobal
